
Microsoft Visual Studio Solution File, Format Version 12.00
# Visual Studio 14
VisualStudioVersion = 14.0.23107.0
MinimumVisualStudioVersion = 10.0.40219.1
Project("{FAE04EC0-301F-11D3-BF4B-00C04F79EFBC}") = "COPEREX_PRO", "COPEREX_PRO\COPEREX_PRO.csproj", "{42F5520E-BAE1-4D2F-A24C-3536F099CEB0}"
EndProject
Project("{FAE04EC0-301F-11D3-BF4B-00C04F79EFBC}") = "Modelo", "Modelo\Modelo.csproj", "{EBE2969A-75BC-4236-9B65-E08B68673049}"
EndProject
Project("{FAE04EC0-301F-11D3-BF4B-00C04F79EFBC}") = "Controlador", "Controlador\Controlador.csproj", "{C64B7387-E249-4070-BCDF-27944D29CDBD}"
EndProject
Global
	GlobalSection(SolutionConfigurationPlatforms) = preSolution
		Debug|Any CPU = Debug|Any CPU
		Release|Any CPU = Release|Any CPU
	EndGlobalSection
	GlobalSection(ProjectConfigurationPlatforms) = postSolution
		{42F5520E-BAE1-4D2F-A24C-3536F099CEB0}.Debug|Any CPU.ActiveCfg = Debug|Any CPU
		{42F5520E-BAE1-4D2F-A24C-3536F099CEB0}.Debug|Any CPU.Build.0 = Debug|Any CPU
		{42F5520E-BAE1-4D2F-A24C-3536F099CEB0}.Release|Any CPU.ActiveCfg = Release|Any CPU
		{42F5520E-BAE1-4D2F-A24C-3536F099CEB0}.Release|Any CPU.Build.0 = Release|Any CPU
		{EBE2969A-75BC-4236-9B65-E08B68673049}.Debug|Any CPU.ActiveCfg = Debug|Any CPU
		{EBE2969A-75BC-4236-9B65-E08B68673049}.Debug|Any CPU.Build.0 = Debug|Any CPU
		{EBE2969A-75BC-4236-9B65-E08B68673049}.Release|Any CPU.ActiveCfg = Release|Any CPU
		{EBE2969A-75BC-4236-9B65-E08B68673049}.Release|Any CPU.Build.0 = Release|Any CPU
		{C64B7387-E249-4070-BCDF-27944D29CDBD}.Debug|Any CPU.ActiveCfg = Debug|Any CPU
		{C64B7387-E249-4070-BCDF-27944D29CDBD}.Debug|Any CPU.Build.0 = Debug|Any CPU
		{C64B7387-E249-4070-BCDF-27944D29CDBD}.Release|Any CPU.ActiveCfg = Release|Any CPU
		{C64B7387-E249-4070-BCDF-27944D29CDBD}.Release|Any CPU.Build.0 = Release|Any CPU
	EndGlobalSection
	GlobalSection(SolutionProperties) = preSolution
		HideSolutionNode = FALSE
	EndGlobalSection
EndGlobal
